
Microsoft Visual Studio Solution File, Format Version 12.00
# Visual Studio Version 17
VisualStudioVersion = 17.2.32602.215
MinimumVisualStudioVersion = 10.0.40219.1
Project("{FAE04EC0-301F-11D3-BF4B-00C04F79EFBC}") = "ConsoleApp1", "ConsoleApp1\ConsoleApp1.csproj", "{D1CDB287-CE79-4632-9758-A3DAD089E2D0}"
EndProject
Project("{FAE04EC0-301F-11D3-BF4B-00C04F79EFBC}") = "ConsoleApp2", "ConsoleApp2\ConsoleApp2.csproj", "{3BD66124-51A1-4136-BCE6-7F3B40C21FBA}"
EndProject
Global
	GlobalSection(SolutionConfigurationPlatforms) = preSolution
		Debug|Any CPU = Debug|Any CPU
		Release|Any CPU = Release|Any CPU
	EndGlobalSection
	GlobalSection(ProjectConfigurationPlatforms) = postSolution
		{D1CDB287-CE79-4632-9758-A3DAD089E2D0}.Debug|Any CPU.ActiveCfg = Debug|Any CPU
		{D1CDB287-CE79-4632-9758-A3DAD089E2D0}.Debug|Any CPU.Build.0 = Debug|Any CPU
		{D1CDB287-CE79-4632-9758-A3DAD089E2D0}.Release|Any CPU.ActiveCfg = Release|Any CPU
		{D1CDB287-CE79-4632-9758-A3DAD089E2D0}.Release|Any CPU.Build.0 = Release|Any CPU
		{3BD66124-51A1-4136-BCE6-7F3B40C21FBA}.Debug|Any CPU.ActiveCfg = Debug|Any CPU
		{3BD66124-51A1-4136-BCE6-7F3B40C21FBA}.Debug|Any CPU.Build.0 = Debug|Any CPU
		{3BD66124-51A1-4136-BCE6-7F3B40C21FBA}.Release|Any CPU.ActiveCfg = Release|Any CPU
		{3BD66124-51A1-4136-BCE6-7F3B40C21FBA}.Release|Any CPU.Build.0 = Release|Any CPU
	EndGlobalSection
	GlobalSection(SolutionProperties) = preSolution
		HideSolutionNode = FALSE
	EndGlobalSection
	GlobalSection(ExtensibilityGlobals) = postSolution
		SolutionGuid = {662AB1E1-F7B2-48B9-A7DA-B8EA51F81F2A}
	EndGlobalSection
EndGlobal
